
Microsoft Visual Studio Solution File, Format Version 12.00
# Visual Studio 15
VisualStudioVersion = 15.0.27703.2000
MinimumVisualStudioVersion = 10.0.40219.1
Project("{FAE04EC0-301F-11D3-BF4B-00C04F79EFBC}") = "dotnetversion", "dotnetversion\dotnetversion.csproj", "{4704D80B-F503-4251-B7D0-110A478E44EA}"
EndProject
Global
	GlobalSection(SolutionConfigurationPlatforms) = preSolution
		Debug|Any CPU = Debug|Any CPU
		Release|Any CPU = Release|Any CPU
	EndGlobalSection
	GlobalSection(ProjectConfigurationPlatforms) = postSolution
		{4704D80B-F503-4251-B7D0-110A478E44EA}.Debug|Any CPU.ActiveCfg = Debug|Any CPU
		{4704D80B-F503-4251-B7D0-110A478E44EA}.Debug|Any CPU.Build.0 = Debug|Any CPU
		{4704D80B-F503-4251-B7D0-110A478E44EA}.Release|Any CPU.ActiveCfg = Release|Any CPU
		{4704D80B-F503-4251-B7D0-110A478E44EA}.Release|Any CPU.Build.0 = Release|Any CPU
	EndGlobalSection
	GlobalSection(SolutionProperties) = preSolution
		HideSolutionNode = FALSE
	EndGlobalSection
	GlobalSection(ExtensibilityGlobals) = postSolution
		SolutionGuid = {EF0AAD03-BFE5-4D85-B0E0-43D456EC5823}
	EndGlobalSection
EndGlobal
